PODS:
  - Nimble (3.0.0)
  - Quick (0.8.0)
  - Trail (0.1.0)

DEPENDENCIES:
  - Nimble (= 3.0.0)
  - Quick (= 0.8.0)
  - Trail (from `../`)

EXTERNAL SOURCES:
  Trail:
    :path: "../"

SPEC CHECKSUMS:
  Nimble: 4c353d43735b38b545cbb4cb91504588eb5de926
  Quick: 563d0f6ec5f72e394645adb377708639b7dd38ab
  Trail: ba0a7b80f49d32ec1bfd2da9693400a72bf65417

COCOAPODS: 0.39.0
